
Microsoft Visual Studio Solution File, Format Version 12.00
# Visual Studio Version 18
VisualStudioVersion = 18.0.11121.172 d18.0
MinimumVisualStudioVersion = 10.0.40219.1
Project("{2150E333-8FDC-42A3-9474-1A3956D46DE8}") = "Services", "Services", "{02EA681E-C7D8-13C7-8484-4AC65E1B71E8}"
EndProject
Project("{2150E333-8FDC-42A3-9474-1A3956D46DE8}") = "Catalog", "Catalog", "{7572FEC7-4E08-4C9D-A079-B5FF76F40257}"
EndProject
Project("{FAE04EC0-301F-11D3-BF4B-00C04F79EFBC}") = "Catalog.API", "Services\Catalog\Catalog.API\Catalog.API.csproj", "{C13DA012-EA9C-486D-9540-10AE4D023054}"
EndProject
Project("{2150E333-8FDC-42A3-9474-1A3956D46DE8}") = "BuildingBlocks", "BuildingBlocks", "{5B33E494-3E79-4153-969E-670E85156A87}"
EndProject
Project("{FAE04EC0-301F-11D3-BF4B-00C04F79EFBC}") = "BuildingBlocks", "BuildingBlocks\BuildingBlocks\BuildingBlocks.csproj", "{551562B2-C8BC-42DF-85E9-096C0382B84F}"
EndProject
Project("{E53339B2-1760-4266-BCC7-CA923CBCF16C}") = "docker-compose", "docker-compose.dcproj", "{81DDED9D-158B-E303-5F62-77A2896D2A5A}"
EndProject
Project("{2150E333-8FDC-42A3-9474-1A3956D46DE8}") = "Basket", "Basket", "{1A3A61DB-DC0C-4366-ACD5-01829E2490FB}"
EndProject
Project("{FAE04EC0-301F-11D3-BF4B-00C04F79EFBC}") = "Basket.API", "Services\Basket\Basket.API\Basket.API.csproj", "{FACC8334-006C-45BD-82E0-3F0257A6ED11}"
EndProject
Project("{2150E333-8FDC-42A3-9474-1A3956D46DE8}") = "Discount", "Discount", "{5D0DCA0D-C456-4251-B7EF-12EA93CFFDED}"
EndProject
Project("{FAE04EC0-301F-11D3-BF4B-00C04F79EFBC}") = "Discount.Grpc", "Services\Discount\Discount.Grpc\Discount.Grpc.csproj", "{045A5A32-F0CF-4697-B559-389735AF5CB8}"
EndProject
Project("{2150E333-8FDC-42A3-9474-1A3956D46DE8}") = "Ordering", "Ordering", "{4B4631B4-A6C9-4967-891B-0270CC90131E}"
EndProject
Project("{FAE04EC0-301F-11D3-BF4B-00C04F79EFBC}") = "Ordering.API", "Services\Ordering\Ordering.API\Ordering.API.csproj", "{27F7C0CA-6160-4CA8-B46D-5609B43B472A}"
EndProject
Project("{FAE04EC0-301F-11D3-BF4B-00C04F79EFBC}") = "Ordering.Domain", "..\Ordering.Domain\Ordering.Domain.csproj", "{89A2F2F6-4668-4F32-8C6F-FE924982CE02}"
EndProject
Project("{FAE04EC0-301F-11D3-BF4B-00C04F79EFBC}") = "Ordering.Application", "..\Ordering.Application\Ordering.Application.csproj", "{EDBE4484-AAEF-40CF-ABF3-8016ADCD2C1C}"
EndProject
Project("{FAE04EC0-301F-11D3-BF4B-00C04F79EFBC}") = "Ordering.Infrastructure", "..\Ordering.Infrastructure\Ordering.Infrastructure.csproj", "{558FC4FA-AFF0-40D3-9A64-766F5C3C60E1}"
EndProject
Global
	GlobalSection(SolutionConfigurationPlatforms) = preSolution
		Debug|Any CPU = Debug|Any CPU
		Release|Any CPU = Release|Any CPU
	EndGlobalSection
	GlobalSection(ProjectConfigurationPlatforms) = postSolution
		{C13DA012-EA9C-486D-9540-10AE4D023054}.Debug|Any CPU.ActiveCfg = Debug|Any CPU
		{C13DA012-EA9C-486D-9540-10AE4D023054}.Debug|Any CPU.Build.0 = Debug|Any CPU
		{C13DA012-EA9C-486D-9540-10AE4D023054}.Release|Any CPU.ActiveCfg = Release|Any CPU
		{C13DA012-EA9C-486D-9540-10AE4D023054}.Release|Any CPU.Build.0 = Release|Any CPU
		{551562B2-C8BC-42DF-85E9-096C0382B84F}.Debug|Any CPU.ActiveCfg = Debug|Any CPU
		{551562B2-C8BC-42DF-85E9-096C0382B84F}.Debug|Any CPU.Build.0 = Debug|Any CPU
		{551562B2-C8BC-42DF-85E9-096C0382B84F}.Release|Any CPU.ActiveCfg = Release|Any CPU
		{551562B2-C8BC-42DF-85E9-096C0382B84F}.Release|Any CPU.Build.0 = Release|Any CPU
		{81DDED9D-158B-E303-5F62-77A2896D2A5A}.Debug|Any CPU.ActiveCfg = Debug|Any CPU
		{81DDED9D-158B-E303-5F62-77A2896D2A5A}.Debug|Any CPU.Build.0 = Debug|Any CPU
		{81DDED9D-158B-E303-5F62-77A2896D2A5A}.Release|Any CPU.ActiveCfg = Release|Any CPU
		{81DDED9D-158B-E303-5F62-77A2896D2A5A}.Release|Any CPU.Build.0 = Release|Any CPU
		{FACC8334-006C-45BD-82E0-3F0257A6ED11}.Debug|Any CPU.ActiveCfg = Debug|Any CPU
		{FACC8334-006C-45BD-82E0-3F0257A6ED11}.Debug|Any CPU.Build.0 = Debug|Any CPU
		{FACC8334-006C-45BD-82E0-3F0257A6ED11}.Release|Any CPU.ActiveCfg = Release|Any CPU
		{FACC8334-006C-45BD-82E0-3F0257A6ED11}.Release|Any CPU.Build.0 = Release|Any CPU
		{045A5A32-F0CF-4697-B559-389735AF5CB8}.Debug|Any CPU.ActiveCfg = Debug|Any CPU
		{045A5A32-F0CF-4697-B559-389735AF5CB8}.Debug|Any CPU.Build.0 = Debug|Any CPU
		{045A5A32-F0CF-4697-B559-389735AF5CB8}.Release|Any CPU.ActiveCfg = Release|Any CPU
		{045A5A32-F0CF-4697-B559-389735AF5CB8}.Release|Any CPU.Build.0 = Release|Any CPU
		{27F7C0CA-6160-4CA8-B46D-5609B43B472A}.Debug|Any CPU.ActiveCfg = Debug|Any CPU
		{27F7C0CA-6160-4CA8-B46D-5609B43B472A}.Debug|Any CPU.Build.0 = Debug|Any CPU
		{27F7C0CA-6160-4CA8-B46D-5609B43B472A}.Release|Any CPU.ActiveCfg = Release|Any CPU
		{27F7C0CA-6160-4CA8-B46D-5609B43B472A}.Release|Any CPU.Build.0 = Release|Any CPU
		{89A2F2F6-4668-4F32-8C6F-FE924982CE02}.Debug|Any CPU.ActiveCfg = Debug|Any CPU
		{89A2F2F6-4668-4F32-8C6F-FE924982CE02}.Debug|Any CPU.Build.0 = Debug|Any CPU
		{89A2F2F6-4668-4F32-8C6F-FE924982CE02}.Release|Any CPU.ActiveCfg = Release|Any CPU
		{89A2F2F6-4668-4F32-8C6F-FE924982CE02}.Release|Any CPU.Build.0 = Release|Any CPU
		{EDBE4484-AAEF-40CF-ABF3-8016ADCD2C1C}.Debug|Any CPU.ActiveCfg = Debug|Any CPU
		{EDBE4484-AAEF-40CF-ABF3-8016ADCD2C1C}.Debug|Any CPU.Build.0 = Debug|Any CPU
		{EDBE4484-AAEF-40CF-ABF3-8016ADCD2C1C}.Release|Any CPU.ActiveCfg = Release|Any CPU
		{EDBE4484-AAEF-40CF-ABF3-8016ADCD2C1C}.Release|Any CPU.Build.0 = Release|Any CPU
		{558FC4FA-AFF0-40D3-9A64-766F5C3C60E1}.Debug|Any CPU.ActiveCfg = Debug|Any CPU
		{558FC4FA-AFF0-40D3-9A64-766F5C3C60E1}.Debug|Any CPU.Build.0 = Debug|Any CPU
		{558FC4FA-AFF0-40D3-9A64-766F5C3C60E1}.Release|Any CPU.ActiveCfg = Release|Any CPU
		{558FC4FA-AFF0-40D3-9A64-766F5C3C60E1}.Release|Any CPU.Build.0 = Release|Any CPU
	EndGlobalSection
	GlobalSection(SolutionProperties) = preSolution
		HideSolutionNode = FALSE
	EndGlobalSection
	GlobalSection(NestedProjects) = preSolution
		{7572FEC7-4E08-4C9D-A079-B5FF76F40257} = {02EA681E-C7D8-13C7-8484-4AC65E1B71E8}
		{C13DA012-EA9C-486D-9540-10AE4D023054} = {7572FEC7-4E08-4C9D-A079-B5FF76F40257}
		{551562B2-C8BC-42DF-85E9-096C0382B84F} = {5B33E494-3E79-4153-969E-670E85156A87}
		{1A3A61DB-DC0C-4366-ACD5-01829E2490FB} = {02EA681E-C7D8-13C7-8484-4AC65E1B71E8}
		{FACC8334-006C-45BD-82E0-3F0257A6ED11} = {1A3A61DB-DC0C-4366-ACD5-01829E2490FB}
		{5D0DCA0D-C456-4251-B7EF-12EA93CFFDED} = {02EA681E-C7D8-13C7-8484-4AC65E1B71E8}
		{045A5A32-F0CF-4697-B559-389735AF5CB8} = {5D0DCA0D-C456-4251-B7EF-12EA93CFFDED}
		{4B4631B4-A6C9-4967-891B-0270CC90131E} = {02EA681E-C7D8-13C7-8484-4AC65E1B71E8}
		{27F7C0CA-6160-4CA8-B46D-5609B43B472A} = {4B4631B4-A6C9-4967-891B-0270CC90131E}
		{89A2F2F6-4668-4F32-8C6F-FE924982CE02} = {4B4631B4-A6C9-4967-891B-0270CC90131E}
		{EDBE4484-AAEF-40CF-ABF3-8016ADCD2C1C} = {4B4631B4-A6C9-4967-891B-0270CC90131E}
		{558FC4FA-AFF0-40D3-9A64-766F5C3C60E1} = {4B4631B4-A6C9-4967-891B-0270CC90131E}
	EndGlobalSection
	GlobalSection(ExtensibilityGlobals) = postSolution
		SolutionGuid = {D4106675-B972-4476-9600-A2584CDCE0C3}
	EndGlobalSection
EndGlobal
